
Microsoft Visual Studio Solution File, Format Version 12.00
# Visual Studio Version 17
VisualStudioVersion = 17.12.35707.178
MinimumVisualStudioVersion = 10.0.40219.1
Project("{FAE04EC0-301F-11D3-BF4B-00C04F79EFBC}") = "Diabetoozz.APIs", "Diabetoozz\Diabetoozz.APIs.csproj", "{82419E9D-4A43-4507-BF9B-D616DCAA74BA}"
EndProject
Project("{FAE04EC0-301F-11D3-BF4B-00C04F79EFBC}") = "Diabetes.Core", "Diabetoozz.Core\Diabetes.Core.csproj", "{68200B4F-848E-4B93-83D7-FA4D407AE968}"
EndProject
Project("{FAE04EC0-301F-11D3-BF4B-00C04F79EFBC}") = "Diabetes.Repository", "Diabete.Repository\Diabetes.Repository.csproj", "{FD1CEFBA-43C9-48DB-9A0F-23920902689A}"
EndProject
Project("{FAE04EC0-301F-11D3-BF4B-00C04F79EFBC}") = "Diabetes.Services", "Diabetes.Services\Diabetes.Services.csproj", "{F176B9D8-A358-4687-9CEE-31D105BB842E}"
EndProject
Global
	GlobalSection(SolutionConfigurationPlatforms) = preSolution
		Debug|Any CPU = Debug|Any CPU
		Release|Any CPU = Release|Any CPU
	EndGlobalSection
	GlobalSection(ProjectConfigurationPlatforms) = postSolution
		{82419E9D-4A43-4507-BF9B-D616DCAA74BA}.Debug|Any CPU.ActiveCfg = Debug|Any CPU
		{82419E9D-4A43-4507-BF9B-D616DCAA74BA}.Debug|Any CPU.Build.0 = Debug|Any CPU
		{82419E9D-4A43-4507-BF9B-D616DCAA74BA}.Release|Any CPU.ActiveCfg = Release|Any CPU
		{82419E9D-4A43-4507-BF9B-D616DCAA74BA}.Release|Any CPU.Build.0 = Release|Any CPU
		{68200B4F-848E-4B93-83D7-FA4D407AE968}.Debug|Any CPU.ActiveCfg = Debug|Any CPU
		{68200B4F-848E-4B93-83D7-FA4D407AE968}.Debug|Any CPU.Build.0 = Debug|Any CPU
		{68200B4F-848E-4B93-83D7-FA4D407AE968}.Release|Any CPU.ActiveCfg = Release|Any CPU
		{68200B4F-848E-4B93-83D7-FA4D407AE968}.Release|Any CPU.Build.0 = Release|Any CPU
		{FD1CEFBA-43C9-48DB-9A0F-23920902689A}.Debug|Any CPU.ActiveCfg = Debug|Any CPU
		{FD1CEFBA-43C9-48DB-9A0F-23920902689A}.Debug|Any CPU.Build.0 = Debug|Any CPU
		{FD1CEFBA-43C9-48DB-9A0F-23920902689A}.Release|Any CPU.ActiveCfg = Release|Any CPU
		{FD1CEFBA-43C9-48DB-9A0F-23920902689A}.Release|Any CPU.Build.0 = Release|Any CPU
		{F176B9D8-A358-4687-9CEE-31D105BB842E}.Debug|Any CPU.ActiveCfg = Debug|Any CPU
		{F176B9D8-A358-4687-9CEE-31D105BB842E}.Debug|Any CPU.Build.0 = Debug|Any CPU
		{F176B9D8-A358-4687-9CEE-31D105BB842E}.Release|Any CPU.ActiveCfg = Release|Any CPU
		{F176B9D8-A358-4687-9CEE-31D105BB842E}.Release|Any CPU.Build.0 = Release|Any CPU
	EndGlobalSection
	GlobalSection(SolutionProperties) = preSolution
		HideSolutionNode = FALSE
	EndGlobalSection
EndGlobal
